
Microsoft Visual Studio Solution File, Format Version 12.00
# Visual Studio Version 17
VisualStudioVersion = 17.4.33122.133
MinimumVisualStudioVersion = 10.0.40219.1
Project("{8BC9CEB8-8B4A-11D0-8D11-00A0C91BC942}") = "Legacy_OpenGL", "Legacy_OpenGL\Legacy_OpenGL.vcxproj", "{099CA583-CD55-4D3B-AF3B-082458D4BFF8}"
EndProject
Global
	GlobalSection(SolutionConfigurationPlatforms) = preSolution
		Debug|x64 = Debug|x64
		Debug|x86 = Debug|x86
		Release|x64 = Release|x64
		Release|x86 = Release|x86
	EndGlobalSection
	GlobalSection(ProjectConfigurationPlatforms) = postSolution
		{099CA583-CD55-4D3B-AF3B-082458D4BFF8}.Debug|x64.ActiveCfg = Debug|x64
		{099CA583-CD55-4D3B-AF3B-082458D4BFF8}.Debug|x64.Build.0 = Debug|x64
		{099CA583-CD55-4D3B-AF3B-082458D4BFF8}.Debug|x86.ActiveCfg = Debug|Win32
		{099CA583-CD55-4D3B-AF3B-082458D4BFF8}.Debug|x86.Build.0 = Debug|Win32
		{099CA583-CD55-4D3B-AF3B-082458D4BFF8}.Release|x64.ActiveCfg = Release|x64
		{099CA583-CD55-4D3B-AF3B-082458D4BFF8}.Release|x64.Build.0 = Release|x64
		{099CA583-CD55-4D3B-AF3B-082458D4BFF8}.Release|x86.ActiveCfg = Release|Win32
		{099CA583-CD55-4D3B-AF3B-082458D4BFF8}.Release|x86.Build.0 = Release|Win32
	EndGlobalSection
	GlobalSection(SolutionProperties) = preSolution
		HideSolutionNode = FALSE
	EndGlobalSection
	GlobalSection(ExtensibilityGlobals) = postSolution
		SolutionGuid = {0BAAC87E-70E7-4A16-8A75-E7CD8D270CB5}
	EndGlobalSection
EndGlobal
